{
  "name": "to-do-list-application",
  "version": "1.0.0",
  "lockfileVersion": 3,
  "requires": true,
  "packages": {
    "": {
      "name": "to-do-list-application",
      "version": "1.0.0",
      "license": "ISC",
      "dependencies": {
        "@mahdi.golzar/dicontainer": "^1.0.0"
      }
    },
    "node_modules/@mahdi.golzar/dicontainer": {
      "version": "1.0.0",
      "resolved": "https://registry.npmjs.org/@mahdi.golzar/dicontainer/-/dicontainer-1.0.0.tgz",
      "integrity": "sha512-C7ku9unmKYK0ppaFbXVPS+rVFi0GGRQ7YR2N9uXbtAF+wJ3vyCyquLMS2WkUQuPHRwThpOpVUWpBSgxquXLYug==",
      "license": "ISC"
    }
  }
}
